// !$*UTF8*$!
{
	archiveVersion = 1;
	classes = {
	};
	objectVersion = 48;
	objects = {

/* Begin PBXBuildFile section */
		18DBDB182138AA7F006902FE /* AppDelegate.swift in Sources */ = {isa = PBXBuildFile; fileRef = 18DBDB172138AA7F006902FE /* AppDelegate.swift */; };
		18DBDB1A2138AA7F006902FE /* ViewController.swift in Sources */ = {isa = PBXBuildFile; fileRef = 18DBDB192138AA7F006902FE /* ViewController.swift */; };
		18DBDB1D2138AA7F006902FE /* Main.storyboard in Resources */ = {isa = PBXBuildFile; fileRef = 18DBDB1B2138AA7F006902FE /* Main.storyboard */; };
		18DBDB1F2138AA7F006902FE /* Assets.xcassets in Resources */ = {isa = PBXBuildFile; fileRef = 18DBDB1E2138AA7F006902FE /* Assets.xcassets */; };
		18DBDB222138AA7F006902FE /* LaunchScreen.storyboard in Resources */ = {isa = PBXBuildFile; fileRef = 18DBDB202138AA7F006902FE /* LaunchScreen.storyboard */; };
		18DBDB2D2138AA7F006902FE /* TipCalculatorTests.swift in Sources */ = {isa = PBXBuildFile; fileRef = 18DBDB2C2138AA7F006902FE /* TipCalculatorTests.swift */; };
		18DBDB382138AA7F006902FE /* TipCalculatorUITests.swift in Sources */ = {isa = PBXBuildFile; fileRef = 18DBDB372138AA7F006902FE /* TipCalculatorUITests.swift */; };
/* End PBXBuildFile section */

/* Begin PBXContainerItemProxy section */
		18DBDB292138AA7F006902FE /* PBXContainerItemProxy */ = {
			isa = PBXContainerItemProxy;
			containerPortal = 18DBDB0C2138AA7F006902FE /* Project object */;
			proxyType = 1;
			remoteGlobalIDString = 18DBDB132138AA7F006902FE;
			remoteInfo = TipCalculator;
		};
		18DBDB342138AA7F006902FE /* PBXContainerItemProxy */ = {
			isa = PBXContainerItemProxy;
			containerPortal = 18DBDB0C2138AA7F006902FE /* Project object */;
			proxyType = 1;
			remoteGlobalIDString = 18DBDB132138AA7F006902FE;
			remoteInfo = TipCalculator;
		};
/* End PBXContainerItemProxy section */

/* Begin PBXFileReference section */
		18DBDB142138AA7F006902FE /* TipCalculator.app */ = {isa = PBXFileReference; explicitFileType = wrapper.application; includeInIndex = 0; path = TipCalculator.app; sourceTree = BUILT_PRODUCTS_DIR; };
		18DBDB172138AA7F006902FE /* AppDelegate.swift */ = {isa = PBXFileReference; lastKnownFileType = sourcecode.swift; path = AppDelegate.swift; sourceTree = "<group>"; };
		18DBDB192138AA7F006902FE /* ViewController.swift */ = {isa = PBXFileReference; lastKnownFileType = sourcecode.swift; path = ViewController.swift; sourceTree = "<group>"; };
		18DBDB1C2138AA7F006902FE /* Base */ = {isa = PBXFileReference; lastKnownFileType = file.storyboard; name = Base; path = Base.lproj/Main.storyboard; sourceTree = "<group>"; };
		18DBDB1E2138AA7F006902FE /* Assets.xcassets */ = {isa = PBXFileReference; lastKnownFileType = folder.assetcatalog; path = Assets.xcassets; sourceTree = "<group>"; };
		18DBDB212138AA7F006902FE /* Base */ = {isa = PBXFileReference; lastKnownFileType = file.storyboard; name = Base; path = Base.lproj/LaunchScreen.storyboard; sourceTree = "<group>"; };
		18DBDB232138AA7F006902FE /* Info.plist */ = {isa = PBXFileReference; lastKnownFileType = text.plist.xml; path = Info.plist; sourceTree = "<group>"; };
		18DBDB282138AA7F006902FE /* TipCalculatorTests.xctest */ = {isa = PBXFileReference; explicitFileType = wrapper.cfbundle; includeInIndex = 0; path = TipCalculatorTests.xctest; sourceTree = BUILT_PRODUCTS_DIR; };
		18DBDB2C2138AA7F006902FE /* TipCalculatorTests.swift */ = {isa = PBXFileReference; lastKnownFileType = sourcecode.swift; path = TipCalculatorTests.swift; sourceTree = "<group>"; };
		18DBDB2E2138AA7F006902FE /* Info.plist */ = {isa = PBXFileReference; lastKnownFileType = text.plist.xml; path = Info.plist; sourceTree = "<group>"; };
		18DBDB332138AA7F006902FE /* TipCalculatorUITests.xctest */ = {isa = PBXFileReference; explicitFileType = wrapper.cfbundle; includeInIndex = 0; path = TipCalculatorUITests.xctest; sourceTree = BUILT_PRODUCTS_DIR; };
		18DBDB372138AA7F006902FE /* TipCalculatorUITests.swift */ = {isa = PBXFileReference; lastKnownFileType = sourcecode.swift; path = TipCalculatorUITests.swift; sourceTree = "<group>"; };
		18DBDB392138AA7F006902FE /* Info.plist */ = {isa = PBXFileReference; lastKnownFileType = text.plist.xml; path = Info.plist; sourceTree = "<group>"; };
/* End PBXFileReference section */

/* Begin PBXFrameworksBuildPhase section */
		18DBDB112138AA7F006902FE /* Frameworks */ = {
			isa = PBXFrameworksBuildPhase;
			buildActionMask = 2147483647;
			files = (
			);
			runOnlyForDeploymentPostprocessing = 0;
		};
		18DBDB252138AA7F006902FE /* Frameworks */ = {
			isa = PBXFrameworksBuildPhase;
			buildActionMask = 2147483647;
			files = (
			);
			runOnlyForDeploymentPostprocessing = 0;
		};
		18DBDB302138AA7F006902FE /* Frameworks */ = {
			isa = PBXFrameworksBuildPhase;
			buildActionMask = 2147483647;
			files = (
			);
			runOnlyForDeploymentPostprocessing = 0;
		};
/* End PBXFrameworksBuildPhase section */

/* Begin PBXGroup section */
		18DBDB0B2138AA7F006902FE = {
			isa = PBXGroup;
			children = (
				18DBDB162138AA7F006902FE /* TipCalculator */,
				18DBDB2B2138AA7F006902FE /* TipCalculatorTests */,
				18DBDB362138AA7F006902FE /* TipCalculatorUITests */,
				18DBDB152138AA7F006902FE /* Products */,
			);
			sourceTree = "<group>";
		};
		18DBDB152138AA7F006902FE /* Products */ = {
			isa = PBXGroup;
			children = (
				18DBDB142138AA7F006902FE /* TipCalculator.app */,
				18DBDB282138AA7F006902FE /* TipCalculatorTests.xctest */,
				18DBDB332138AA7F006902FE /* TipCalculatorUITests.xctest */,
			);
			name = Products;
			sourceTree = "<group>";
		};
		18DBDB162138AA7F006902FE /* TipCalculator */ = {
			isa = PBXGroup;
			children = (
				18DBDB172138AA7F006902FE /* AppDelegate.swift */,
				18DBDB192138AA7F006902FE /* ViewController.swift */,
				18DBDB1B2138AA7F006902FE /* Main.storyboard */,
				18DBDB1E2138AA7F006902FE /* Assets.xcassets */,
				18DBDB202138AA7F006902FE /* LaunchScreen.storyboard */,
				18DBDB232138AA7F006902FE /* Info.plist */,
			);
			path = TipCalculator;
			sourceTree = "<group>";
		};
		18DBDB2B2138AA7F006902FE /* TipCalculatorTests */ = {
			isa = PBXGroup;
			children = (
				18DBDB2C2138AA7F006902FE /* TipCalculatorTests.swift */,
				18DBDB2E2138AA7F006902FE /* Info.plist */,
			);
			path = TipCalculatorTests;
			sourceTree = "<group>";
		};
		18DBDB362138AA7F006902FE /* TipCalculatorUITests */ = {
			isa = PBXGroup;
			children = (
				18DBDB372138AA7F006902FE /* TipCalculatorUITests.swift */,
				18DBDB392138AA7F006902FE /* Info.plist */,
			);
			path = TipCalculatorUITests;
			sourceTree = "<group>";
		};
/* End PBXGroup section */

/* Begin PBXNativeTarget section */
		18DBDB132138AA7F006902FE /* TipCalculator */ = {
			isa = PBXNativeTarget;
			buildConfigurationList = 18DBDB3C2138AA7F006902FE /* Build configuration list for PBXNativeTarget "TipCalculator" */;
			buildPhases = (
				18DBDB102138AA7F006902FE /* Sources */,
				18DBDB112138AA7F006902FE /* Frameworks */,
				18DBDB122138AA7F006902FE /* Resources */,
			);
			buildRules = (
			);
			dependencies = (
			);
			name = TipCalculator;
			productName = TipCalculator;
			productReference = 18DBDB142138AA7F006902FE /* TipCalculator.app */;
			productType = "com.apple.product-type.application";
		};
		18DBDB272138AA7F006902FE /* TipCalculatorTests */ = {
			isa = PBXNativeTarget;
			buildConfigurationList = 18DBDB3F2138AA7F006902FE /* Build configuration list for PBXNativeTarget "TipCalculatorTests" */;
			buildPhases = (
				18DBDB242138AA7F006902FE /* Sources */,
				18DBDB252138AA7F006902FE /* Frameworks */,
				18DBDB262138AA7F006902FE /* Resources */,
			);
			buildRules = (
			);
			dependencies = (
				18DBDB2A2138AA7F006902FE /* PBXTargetDependency */,
			);
			name = TipCalculatorTests;
			productName = TipCalculatorTests;
			productReference = 18DBDB282138AA7F006902FE /* TipCalculatorTests.xctest */;
			productType = "com.apple.product-type.bundle.unit-test";
		};
		18DBDB322138AA7F006902FE /* TipCalculatorUITests */ = {
			isa = PBXNativeTarget;
			buildConfigurationList = 18DBDB422138AA7F006902FE /* Build configuration list for PBXNativeTarget "TipCalculatorUITests" */;
			buildPhases = (
				18DBDB2F2138AA7F006902FE /* Sources */,
				18DBDB302138AA7F006902FE /* Frameworks */,
				18DBDB312138AA7F006902FE /* Resources */,
			);
			buildRules = (
			);
			dependencies = (
				18DBDB352138AA7F006902FE /* PBXTargetDependency */,
			);
			name = TipCalculatorUITests;
			productName = TipCalculatorUITests;
			productReference = 18DBDB332138AA7F006902FE /* TipCalculatorUITests.xctest */;
			productType = "com.apple.product-type.bundle.ui-testing";
		};
/* End PBXNativeTarget section */

/* Begin PBXProject section */
		18DBDB0C2138AA7F006902FE /* Project object */ = {
			isa = PBXProject;
			attributes = {
				LastSwiftUpdateCheck = 0920;
				LastUpgradeCheck = 0920;
				ORGANIZATIONNAME = satish;
				TargetAttributes = {
					18DBDB132138AA7F006902FE = {
						CreatedOnToolsVersion = 9.2;
						ProvisioningStyle = Automatic;
					};
					18DBDB272138AA7F006902FE = {
						CreatedOnToolsVersion = 9.2;
						ProvisioningStyle = Automatic;
						TestTargetID = 18DBDB132138AA7F006902FE;
					};
					18DBDB322138AA7F006902FE = {
						CreatedOnToolsVersion = 9.2;
						ProvisioningStyle = Automatic;
						TestTargetID = 18DBDB132138AA7F006902FE;
					};
				};
			};
			buildConfigurationList = 18DBDB0F2138AA7F006902FE /* Build configuration list for PBXProject "TipCalculator" */;
			compatibilityVersion = "Xcode 8.0";
			developmentRegion = en;
			hasScannedForEncodings = 0;
			knownRegions = (
				en,
				Base,
			);
			mainGroup = 18DBDB0B2138AA7F006902FE;
			productRefGroup = 18DBDB152138AA7F006902FE /* Products */;
			projectDirPath = "";
			projectRoot = "";
			targets = (
				18DBDB132138AA7F006902FE /* TipCalculator */,
				18DBDB272138AA7F006902FE /* TipCalculatorTests */,
				18DBDB322138AA7F006902FE /* TipCalculatorUITests */,
			);
		};
/* End PBXProject section */

/* Begin PBXResourcesBuildPhase section */
		18DBDB122138AA7F006902FE /* Resources */ = {
			isa = PBXResourcesBuildPhase;
			buildActionMask = 2147483647;
			files = (
				18DBDB222138AA7F006902FE /* LaunchScreen.storyboard in Resources */,
				18DBDB1F2138AA7F006902FE /* Assets.xcassets in Resources */,
				18DBDB1D2138AA7F006902FE /* Main.storyboard in Resources */,
			);
			runOnlyForDeploymentPostprocessing = 0;
		};
		18DBDB262138AA7F006902FE /* Resources */ = {
			isa = PBXResourcesBuildPhase;
			buildActionMask = 2147483647;
			files = (
			);
			runOnlyForDeploymentPostprocessing = 0;
		};
		18DBDB312138AA7F006902FE /* Resources */ = {
			isa = PBXResourcesBuildPhase;
			buildActionMask = 2147483647;
			files = (
			);
			runOnlyForDeploymentPostprocessing = 0;
		};
/* End PBXResourcesBuildPhase section */

/* Begin PBXSourcesBuildPhase section */
		18DBDB102138AA7F006902FE /* Sources */ = {
			isa = PBXSourcesBuildPhase;
			buildActionMask = 2147483647;
			files = (
				18DBDB1A2138AA7F006902FE /* ViewController.swift in Sources */,
				18DBDB182138AA7F006902FE /* AppDelegate.swift in Sources */,
			);
			runOnlyForDeploymentPostprocessing = 0;
		};
		18DBDB242138AA7F006902FE /* Sources */ = {
			isa = PBXSourcesBuildPhase;
			buildActionMask = 2147483647;
			files = (
				18DBDB2D2138AA7F006902FE /* TipCalculatorTests.swift in Sources */,
			);
			runOnlyForDeploymentPostprocessing = 0;
		};
		18DBDB2F2138AA7F006902FE /* Sources */ = {
			isa = PBXSourcesBuildPhase;
			buildActionMask = 2147483647;
			files = (
				18DBDB382138AA7F006902FE /* TipCalculatorUITests.swift in Sources */,
			);
			runOnlyForDeploymentPostprocessing = 0;
		};
/* End PBXSourcesBuildPhase section */

/* Begin PBXTargetDependency section */
		18DBDB2A2138AA7F006902FE /* PBXTargetDependency */ = {
			isa = PBXTargetDependency;
			target = 18DBDB132138AA7F006902FE /* TipCalculator */;
			targetProxy = 18DBDB292138AA7F006902FE /* PBXContainerItemProxy */;
		};
		18DBDB352138AA7F006902FE /* PBXTargetDependency */ = {
			isa = PBXTargetDependency;
			target = 18DBDB132138AA7F006902FE /* TipCalculator */;
			targetProxy = 18DBDB342138AA7F006902FE /* PBXContainerItemProxy */;
		};
/* End PBXTargetDependency section */

/* Begin PBXVariantGroup section */
		18DBDB1B2138AA7F006902FE /* Main.storyboard */ = {
			isa = PBXVariantGroup;
			children = (
				18DBDB1C2138AA7F006902FE /* Base */,
			);
			name = Main.storyboard;
			sourceTree = "<group>";
		};
		18DBDB202138AA7F006902FE /* LaunchScreen.storyboard */ = {
			isa = PBXVariantGroup;
			children = (
				18DBDB212138AA7F006902FE /* Base */,
			);
			name = LaunchScreen.storyboard;
			sourceTree = "<group>";
		};
/* End PBXVariantGroup section */

/* Begin XCBuildConfiguration section */
		18DBDB3A2138AA7F006902FE /* Debug */ = {
			isa = XCBuildConfiguration;
			buildSettings = {
				ALWAYS_SEARCH_USER_PATHS = NO;
				CLANG_ANALYZER_NONNULL = YES;
				CLANG_ANALYZER_NUMBER_OBJECT_CONVERSION = YES_AGGRESSIVE;
				CLANG_CXX_LANGUAGE_STANDARD = "gnu++14";
				CLANG_CXX_LIBRARY = "libc++";
				CLANG_ENABLE_MODULES = YES;
				CLANG_ENABLE_OBJC_ARC = YES;
				CLANG_WARN_BLOCK_CAPTURE_AUTORELEASING = YES;
				CLANG_WARN_BOOL_CONVERSION = YES;
				CLANG_WARN_COMMA = YES;
				CLANG_WARN_CONSTANT_CONVERSION = YES;
				CLANG_WARN_DIRECT_OBJC_ISA_USAGE = YES_ERROR;
				CLANG_WARN_DOCUMENTATION_COMMENTS = YES;
				CLANG_WARN_EMPTY_BODY = YES;
				CLANG_WARN_ENUM_CONVERSION = YES;
				CLANG_WARN_INFINITE_RECURSION = YES;
				CLANG_WARN_INT_CONVERSION = YES;
				CLANG_WARN_NON_LITERAL_NULL_CONVERSION = YES;
				CLANG_WARN_OBJC_LITERAL_CONVERSION = YES;
				CLANG_WARN_OBJC_ROOT_CLASS = YES_ERROR;
				CLANG_WARN_RANGE_LOOP_ANALYSIS = YES;
				CLANG_WARN_STRICT_PROTOTYPES = YES;
				CLANG_WARN_SUSPICIOUS_MOVE = YES;
				CLANG_WARN_UNGUARDED_AVAILABILITY = YES_AGGRESSIVE;
				CLANG_WARN_UNREACHABLE_CODE = YES;
				CLANG_WARN__DUPLICATE_METHOD_MATCH = YES;
				CODE_SIGN_IDENTITY = "iPhone Developer";
				COPY_PHASE_STRIP = NO;
				DEBUG_INFORMATION_FORMAT = dwarf;
				ENABLE_STRICT_OBJC_MSGSEND = YES;
				ENABLE_TESTABILITY = YES;
				GCC_C_LANGUAGE_STANDARD = gnu11;
				GCC_DYNAMIC_NO_PIC = NO;
				GCC_NO_COMMON_BLOCKS = YES;
				GCC_OPTIMIZATION_LEVEL = 0;
				GCC_PREPROCESSOR_DEFINITIONS = (
					"DEBUG=1",
					"$(inherited)",
				);
				GCC_WARN_64_TO_32_BIT_CONVERSION = YES;
				GCC_WARN_ABOUT_RETURN_TYPE = YES_ERROR;
				GCC_WARN_UNDECLARED_SELECTOR = YES;
				GCC_WARN_UNINITIALIZED_AUTOS = YES_AGGRESSIVE;
				GCC_WARN_UNUSED_FUNCTION = YES;
				GCC_WARN_UNUSED_VARIABLE = YES;
				IPHONEOS_DEPLOYMENT_TARGET = 11.2;
				MTL_ENABLE_DEBUG_INFO = YES;
				ONLY_ACTIVE_ARCH = YES;
				SDKROOT = iphoneos;
				SWIFT_ACTIVE_COMPILATION_CONDITIONS = DEBUG;
				SWIFT_OPTIMIZATION_LEVEL = "-Onone";
			};
			name = Debug;
		};
		18DBDB3B2138AA7F006902FE /* Release */ = {
			isa = XCBuildConfiguration;
			buildSettings = {
				ALWAYS_SEARCH_USER_PATHS = NO;
				CLANG_ANALYZER_NONNULL = YES;
				CLANG_ANALYZER_NUMBER_OBJECT_CONVERSION = YES_AGGRESSIVE;
				CLANG_CXX_LANGUAGE_STANDARD = "gnu++14";
				CLANG_CXX_LIBRARY = "libc++";
				CLANG_ENABLE_MODULES = YES;
				CLANG_ENABLE_OBJC_ARC = YES;
				CLANG_WARN_BLOCK_CAPTURE_AUTORELEASING = YES;
				CLANG_WARN_BOOL_CONVERSION = YES;
				CLANG_WARN_COMMA = YES;
				CLANG_WARN_CONSTANT_CONVERSION = YES;
				CLANG_WARN_DIRECT_OBJC_ISA_USAGE = YES_ERROR;
				CLANG_WARN_DOCUMENTATION_COMMENTS = YES;
				CLANG_WARN_EMPTY_BODY = YES;
				CLANG_WARN_ENUM_CONVERSION = YES;
				CLANG_WARN_INFINITE_RECURSION = YES;
				CLANG_WARN_INT_CONVERSION = YES;
				CLANG_WARN_NON_LITERAL_NULL_CONVERSION = YES;
				CLANG_WARN_OBJC_LITERAL_CONVERSION = YES;
				CLANG_WARN_OBJC_ROOT_CLASS = YES_ERROR;
				CLANG_WARN_RANGE_LOOP_ANALYSIS = YES;
				CLANG_WARN_STRICT_PROTOTYPES = YES;
				CLANG_WARN_SUSPICIOUS_MOVE = YES;
				CLANG_WARN_UNGUARDED_AVAILABILITY = YES_AGGRESSIVE;
				CLANG_WARN_UNREACHABLE_CODE = YES;
				CLANG_WARN__DUPLICATE_METHOD_MATCH = YES;
				CODE_SIGN_IDENTITY = "iPhone Developer";
				COPY_PHASE_STRIP = NO;
				DEBUG_INFORMATION_FORMAT = "dwarf-with-dsym";
				ENABLE_NS_ASSERTIONS = NO;
				ENABLE_STRICT_OBJC_MSGSEND = YES;
				GCC_C_LANGUAGE_STANDARD = gnu11;
				GCC_NO_COMMON_BLOCKS = YES;
				GCC_WARN_64_TO_32_BIT_CONVERSION = YES;
				GCC_WARN_ABOUT_RETURN_TYPE = YES_ERROR;
				GCC_WARN_UNDECLARED_SELECTOR = YES;
				GCC_WARN_UNINITIALIZED_AUTOS = YES_AGGRESSIVE;
				GCC_WARN_UNUSED_FUNCTION = YES;
				GCC_WARN_UNUSED_VARIABLE = YES;
				IPHONEOS_DEPLOYMENT_TARGET = 11.2;
				MTL_ENABLE_DEBUG_INFO = NO;
				SDKROOT = iphoneos;
				SWIFT_OPTIMIZATION_LEVEL = "-Owholemodule";
				VALIDATE_PRODUCT = YES;
			};
			name = Release;
		};
		18DBDB3D2138AA7F006902FE /* Debug */ = {
			isa = XCBuildConfiguration;
			buildSettings = {
				ASSETCATALOG_COMPILER_APPICON_NAME = AppIcon;
				CODE_SIGN_STYLE = Automatic;
				INFOPLIST_FILE = TipCalculator/Info.plist;
				LD_RUNPATH_SEARCH_PATHS = "$(inherited) @executable_path/Frameworks";
				PRODUCT_BUNDLE_IDENTIFIER = satish.TipCalculator;
				PRODUCT_NAME = "$(TARGET_NAME)";
				SWIFT_VERSION = 4.0;
				TARGETED_DEVICE_FAMILY = "1,2";
			};
			name = Debug;
		};
		18DBDB3E2138AA7F006902FE /* Release */ = {
			isa = XCBuildConfiguration;
			buildSettings = {
				ASSETCATALOG_COMPILER_APPICON_NAME = AppIcon;
				CODE_SIGN_STYLE = Automatic;
				INFOPLIST_FILE = TipCalculator/Info.plist;
				LD_RUNPATH_SEARCH_PATHS = "$(inherited) @executable_path/Frameworks";
				PRODUCT_BUNDLE_IDENTIFIER = satish.TipCalculator;
				PRODUCT_NAME = "$(TARGET_NAME)";
				SWIFT_VERSION = 4.0;
				TARGETED_DEVICE_FAMILY = "1,2";
			};
			name = Release;
		};
		18DBDB402138AA7F006902FE /* Debug */ = {
			isa = XCBuildConfiguration;
			buildSettings = {
				ALWAYS_EMBED_SWIFT_STANDARD_LIBRARIES = YES;
				BUNDLE_LOADER = "$(TEST_HOST)";
				CODE_SIGN_STYLE = Automatic;
				INFOPLIST_FILE = TipCalculatorTests/Info.plist;
				LD_RUNPATH_SEARCH_PATHS = "$(inherited) @executable_path/Frameworks @loader_path/Frameworks";
				PRODUCT_BUNDLE_IDENTIFIER = satish.TipCalculatorTests;
				PRODUCT_NAME = "$(TARGET_NAME)";
				SWIFT_VERSION = 4.0;
				TARGETED_DEVICE_FAMILY = "1,2";
				TEST_HOST = "$(BUILT_PRODUCTS_DIR)/TipCalculator.app/TipCalculator";
			};
			name = Debug;
		};
		18DBDB412138AA7F006902FE /* Release */ = {
			isa = XCBuildConfiguration;
			buildSettings = {
				ALWAYS_EMBED_SWIFT_STANDARD_LIBRARIES = YES;
				BUNDLE_LOADER = "$(TEST_HOST)";
				CODE_SIGN_STYLE = Automatic;
				INFOPLIST_FILE = TipCalculatorTests/Info.plist;
				LD_RUNPATH_SEARCH_PATHS = "$(inherited) @executable_path/Frameworks @loader_path/Frameworks";
				PRODUCT_BUNDLE_IDENTIFIER = satish.TipCalculatorTests;
				PRODUCT_NAME = "$(TARGET_NAME)";
				SWIFT_VERSION = 4.0;
				TARGETED_DEVICE_FAMILY = "1,2";
				TEST_HOST = "$(BUILT_PRODUCTS_DIR)/TipCalculator.app/TipCalculator";
			};
			name = Release;
		};
		18DBDB432138AA7F006902FE /* Debug */ = {
			isa = XCBuildConfiguration;
			buildSettings = {
				ALWAYS_EMBED_SWIFT_STANDARD_LIBRARIES = YES;
				CODE_SIGN_STYLE = Automatic;
				INFOPLIST_FILE = TipCalculatorUITests/Info.plist;
				LD_RUNPATH_SEARCH_PATHS = "$(inherited) @executable_path/Frameworks @loader_path/Frameworks";
				PRODUCT_BUNDLE_IDENTIFIER = satish.TipCalculatorUITests;
				PRODUCT_NAME = "$(TARGET_NAME)";
				SWIFT_VERSION = 4.0;
				TARGETED_DEVICE_FAMILY = "1,2";
				TEST_TARGET_NAME = TipCalculator;
			};
			name = Debug;
		};
		18DBDB442138AA7F006902FE /* Release */ = {
			isa = XCBuildConfiguration;
			buildSettings = {
				ALWAYS_EMBED_SWIFT_STANDARD_LIBRARIES = YES;
				CODE_SIGN_STYLE = Automatic;
				INFOPLIST_FILE = TipCalculatorUITests/Info.plist;
				LD_RUNPATH_SEARCH_PATHS = "$(inherited) @executable_path/Frameworks @loader_path/Frameworks";
				PRODUCT_BUNDLE_IDENTIFIER = satish.TipCalculatorUITests;
				PRODUCT_NAME = "$(TARGET_NAME)";
				SWIFT_VERSION = 4.0;
				TARGETED_DEVICE_FAMILY = "1,2";
				TEST_TARGET_NAME = TipCalculator;
			};
			name = Release;
		};
/* End XCBuildConfiguration section */

/* Begin XCConfigurationList section */
		18DBDB0F2138AA7F006902FE /* Build configuration list for PBXProject "TipCalculator" */ = {
			isa = XCConfigurationList;
			buildConfigurations = (
				18DBDB3A2138AA7F006902FE /* Debug */,
				18DBDB3B2138AA7F006902FE /* Release */,
			);
			defaultConfigurationIsVisible = 0;
			defaultConfigurationName = Release;
		};
		18DBDB3C2138AA7F006902FE /* Build configuration list for PBXNativeTarget "TipCalculator" */ = {
			isa = XCConfigurationList;
			buildConfigurations = (
				18DBDB3D2138AA7F006902FE /* Debug */,
				18DBDB3E2138AA7F006902FE /* Release */,
			);
			defaultConfigurationIsVisible = 0;
			defaultConfigurationName = Release;
		};
		18DBDB3F2138AA7F006902FE /* Build configuration list for PBXNativeTarget "TipCalculatorTests" */ = {
			isa = XCConfigurationList;
			buildConfigurations = (
				18DBDB402138AA7F006902FE /* Debug */,
				18DBDB412138AA7F006902FE /* Release */,
			);
			defaultConfigurationIsVisible = 0;
			defaultConfigurationName = Release;
		};
		18DBDB422138AA7F006902FE /* Build configuration list for PBXNativeTarget "TipCalculatorUITests" */ = {
			isa = XCConfigurationList;
			buildConfigurations = (
				18DBDB432138AA7F006902FE /* Debug */,
				18DBDB442138AA7F006902FE /* Release */,
			);
			defaultConfigurationIsVisible = 0;
			defaultConfigurationName = Release;
		};
/* End XCConfigurationList section */
	};
	rootObject = 18DBDB0C2138AA7F006902FE /* Project object */;
}
